
Microsoft Visual Studio Solution File, Format Version 12.00
# Visual Studio 15
VisualStudioVersion = 15.0.28307.1209
MinimumVisualStudioVersion = 10.0.40219.1
Project("{FAE04EC0-301F-11D3-BF4B-00C04F79EFBC}") = "FontXam.Android", "FontXam\FontXam.Android\FontXam.Android.csproj", "{17E99380-5CEF-404E-9448-B0BB59F48FA9}"
EndProject
Project("{FAE04EC0-301F-11D3-BF4B-00C04F79EFBC}") = "FontXam.iOS", "FontXam\FontXam.iOS\FontXam.iOS.csproj", "{E3AC4E5D-39D7-4D57-838D-4998240CBB1F}"
EndProject
Project("{FAE04EC0-301F-11D3-BF4B-00C04F79EFBC}") = "FontXam", "FontXam\FontXam\FontXam.csproj", "{0A81B2EA-CF03-4CFB-8631-0FB1EA94AFEB}"
EndProject
Global
	GlobalSection(SolutionConfigurationPlatforms) = preSolution
		Ad-Hoc|Any CPU = Ad-Hoc|Any CPU
		Ad-Hoc|iPhone = Ad-Hoc|iPhone
		Ad-Hoc|iPhoneSimulator = Ad-Hoc|iPhoneSimulator
		AppStore|Any CPU = AppStore|Any CPU
		AppStore|iPhone = AppStore|iPhone
		AppStore|iPhoneSimulator = AppStore|iPhoneSimulator
		Debug|Any CPU = Debug|Any CPU
		Debug|iPhone = Debug|iPhone
		Debug|iPhoneSimulator = Debug|iPhoneSimulator
		Release|Any CPU = Release|Any CPU
		Release|iPhone = Release|iPhone
		Release|iPhoneSimulator = Release|iPhoneSimulator
	EndGlobalSection
	GlobalSection(ProjectConfigurationPlatforms) = postSolution
		{17E99380-5CEF-404E-9448-B0BB59F48FA9}.Ad-Hoc|Any CPU.ActiveCfg = Release|Any CPU
		{17E99380-5CEF-404E-9448-B0BB59F48FA9}.Ad-Hoc|Any CPU.Build.0 = Release|Any CPU
		{17E99380-5CEF-404E-9448-B0BB59F48FA9}.Ad-Hoc|Any CPU.Deploy.0 = Release|Any CPU
		{17E99380-5CEF-404E-9448-B0BB59F48FA9}.Ad-Hoc|iPhone.ActiveCfg = Release|Any CPU
		{17E99380-5CEF-404E-9448-B0BB59F48FA9}.Ad-Hoc|iPhone.Build.0 = Release|Any CPU
		{17E99380-5CEF-404E-9448-B0BB59F48FA9}.Ad-Hoc|iPhone.Deploy.0 = Release|Any CPU
		{17E99380-5CEF-404E-9448-B0BB59F48FA9}.Ad-Hoc|iPhoneSimulator.ActiveCfg = Release|Any CPU
		{17E99380-5CEF-404E-9448-B0BB59F48FA9}.Ad-Hoc|iPhoneSimulator.Build.0 = Release|Any CPU
		{17E99380-5CEF-404E-9448-B0BB59F48FA9}.Ad-Hoc|iPhoneSimulator.Deploy.0 = Release|Any CPU
		{17E99380-5CEF-404E-9448-B0BB59F48FA9}.AppStore|Any CPU.ActiveCfg = Release|Any CPU
		{17E99380-5CEF-404E-9448-B0BB59F48FA9}.AppStore|Any CPU.Build.0 = Release|Any CPU
		{17E99380-5CEF-404E-9448-B0BB59F48FA9}.AppStore|Any CPU.Deploy.0 = Release|Any CPU
		{17E99380-5CEF-404E-9448-B0BB59F48FA9}.AppStore|iPhone.ActiveCfg = Release|Any CPU
		{17E99380-5CEF-404E-9448-B0BB59F48FA9}.AppStore|iPhone.Build.0 = Release|Any CPU
		{17E99380-5CEF-404E-9448-B0BB59F48FA9}.AppStore|iPhone.Deploy.0 = Release|Any CPU
		{17E99380-5CEF-404E-9448-B0BB59F48FA9}.AppStore|iPhoneSimulator.ActiveCfg = Release|Any CPU
		{17E99380-5CEF-404E-9448-B0BB59F48FA9}.AppStore|iPhoneSimulator.Build.0 = Release|Any CPU
		{17E99380-5CEF-404E-9448-B0BB59F48FA9}.AppStore|iPhoneSimulator.Deploy.0 = Release|Any CPU
		{17E99380-5CEF-404E-9448-B0BB59F48FA9}.Debug|Any CPU.ActiveCfg = Debug|Any CPU
		{17E99380-5CEF-404E-9448-B0BB59F48FA9}.Debug|Any CPU.Build.0 = Debug|Any CPU
		{17E99380-5CEF-404E-9448-B0BB59F48FA9}.Debug|Any CPU.Deploy.0 = Debug|Any CPU
		{17E99380-5CEF-404E-9448-B0BB59F48FA9}.Debug|iPhone.ActiveCfg = Debug|Any CPU
		{17E99380-5CEF-404E-9448-B0BB59F48FA9}.Debug|iPhone.Build.0 = Debug|Any CPU
		{17E99380-5CEF-404E-9448-B0BB59F48FA9}.Debug|iPhone.Deploy.0 = Debug|Any CPU
		{17E99380-5CEF-404E-9448-B0BB59F48FA9}.Debug|iPhoneSimulator.ActiveCfg = Debug|Any CPU
		{17E99380-5CEF-404E-9448-B0BB59F48FA9}.Debug|iPhoneSimulator.Build.0 = Debug|Any CPU
		{17E99380-5CEF-404E-9448-B0BB59F48FA9}.Debug|iPhoneSimulator.Deploy.0 = Debug|Any CPU
		{17E99380-5CEF-404E-9448-B0BB59F48FA9}.Release|Any CPU.ActiveCfg = Release|Any CPU
		{17E99380-5CEF-404E-9448-B0BB59F48FA9}.Release|Any CPU.Build.0 = Release|Any CPU
		{17E99380-5CEF-404E-9448-B0BB59F48FA9}.Release|Any CPU.Deploy.0 = Release|Any CPU
		{17E99380-5CEF-404E-9448-B0BB59F48FA9}.Release|iPhone.ActiveCfg = Release|Any CPU
		{17E99380-5CEF-404E-9448-B0BB59F48FA9}.Release|iPhone.Build.0 = Release|Any CPU
		{17E99380-5CEF-404E-9448-B0BB59F48FA9}.Release|iPhone.Deploy.0 = Release|Any CPU
		{17E99380-5CEF-404E-9448-B0BB59F48FA9}.Release|iPhoneSimulator.ActiveCfg = Release|Any CPU
		{17E99380-5CEF-404E-9448-B0BB59F48FA9}.Release|iPhoneSimulator.Build.0 = Release|Any CPU
		{17E99380-5CEF-404E-9448-B0BB59F48FA9}.Release|iPhoneSimulator.Deploy.0 = Release|Any CPU
		{E3AC4E5D-39D7-4D57-838D-4998240CBB1F}.Ad-Hoc|Any CPU.ActiveCfg = Ad-Hoc|iPhone
		{E3AC4E5D-39D7-4D57-838D-4998240CBB1F}.Ad-Hoc|Any CPU.Build.0 = Ad-Hoc|iPhone
		{E3AC4E5D-39D7-4D57-838D-4998240CBB1F}.Ad-Hoc|Any CPU.Deploy.0 = Ad-Hoc|iPhone
		{E3AC4E5D-39D7-4D57-838D-4998240CBB1F}.Ad-Hoc|iPhone.ActiveCfg = Ad-Hoc|iPhone
		{E3AC4E5D-39D7-4D57-838D-4998240CBB1F}.Ad-Hoc|iPhone.Build.0 = Ad-Hoc|iPhone
		{E3AC4E5D-39D7-4D57-838D-4998240CBB1F}.Ad-Hoc|iPhone.Deploy.0 = Ad-Hoc|iPhone
		{E3AC4E5D-39D7-4D57-838D-4998240CBB1F}.Ad-Hoc|iPhoneSimulator.ActiveCfg = Ad-Hoc|iPhoneSimulator
		{E3AC4E5D-39D7-4D57-838D-4998240CBB1F}.Ad-Hoc|iPhoneSimulator.Build.0 = Ad-Hoc|iPhoneSimulator
		{E3AC4E5D-39D7-4D57-838D-4998240CBB1F}.Ad-Hoc|iPhoneSimulator.Deploy.0 = Ad-Hoc|iPhoneSimulator
		{E3AC4E5D-39D7-4D57-838D-4998240CBB1F}.AppStore|Any CPU.ActiveCfg = AppStore|iPhone
		{E3AC4E5D-39D7-4D57-838D-4998240CBB1F}.AppStore|Any CPU.Build.0 = AppStore|iPhone
		{E3AC4E5D-39D7-4D57-838D-4998240CBB1F}.AppStore|Any CPU.Deploy.0 = AppStore|iPhone
		{E3AC4E5D-39D7-4D57-838D-4998240CBB1F}.AppStore|iPhone.ActiveCfg = AppStore|iPhone
		{E3AC4E5D-39D7-4D57-838D-4998240CBB1F}.AppStore|iPhone.Build.0 = AppStore|iPhone
		{E3AC4E5D-39D7-4D57-838D-4998240CBB1F}.AppStore|iPhone.Deploy.0 = AppStore|iPhone
		{E3AC4E5D-39D7-4D57-838D-4998240CBB1F}.AppStore|iPhoneSimulator.ActiveCfg = AppStore|iPhoneSimulator
		{E3AC4E5D-39D7-4D57-838D-4998240CBB1F}.AppStore|iPhoneSimulator.Build.0 = AppStore|iPhoneSimulator
		{E3AC4E5D-39D7-4D57-838D-4998240CBB1F}.AppStore|iPhoneSimulator.Deploy.0 = AppStore|iPhoneSimulator
		{E3AC4E5D-39D7-4D57-838D-4998240CBB1F}.Debug|Any CPU.ActiveCfg = Debug|iPhoneSimulator
		{E3AC4E5D-39D7-4D57-838D-4998240CBB1F}.Debug|Any CPU.Build.0 = Debug|iPhoneSimulator
		{E3AC4E5D-39D7-4D57-838D-4998240CBB1F}.Debug|Any CPU.Deploy.0 = Debug|iPhoneSimulator
		{E3AC4E5D-39D7-4D57-838D-4998240CBB1F}.Debug|iPhone.ActiveCfg = Debug|iPhone
		{E3AC4E5D-39D7-4D57-838D-4998240CBB1F}.Debug|iPhone.Build.0 = Debug|iPhone
		{E3AC4E5D-39D7-4D57-838D-4998240CBB1F}.Debug|iPhone.Deploy.0 = Debug|iPhone
		{E3AC4E5D-39D7-4D57-838D-4998240CBB1F}.Debug|iPhoneSimulator.ActiveCfg = Debug|iPhoneSimulator
		{E3AC4E5D-39D7-4D57-838D-4998240CBB1F}.Debug|iPhoneSimulator.Build.0 = Debug|iPhoneSimulator
		{E3AC4E5D-39D7-4D57-838D-4998240CBB1F}.Debug|iPhoneSimulator.Deploy.0 = Debug|iPhoneSimulator
		{E3AC4E5D-39D7-4D57-838D-4998240CBB1F}.Release|Any CPU.ActiveCfg = Release|iPhone
		{E3AC4E5D-39D7-4D57-838D-4998240CBB1F}.Release|Any CPU.Build.0 = Release|iPhone
		{E3AC4E5D-39D7-4D57-838D-4998240CBB1F}.Release|Any CPU.Deploy.0 = Release|iPhone
		{E3AC4E5D-39D7-4D57-838D-4998240CBB1F}.Release|iPhone.ActiveCfg = Release|iPhone
		{E3AC4E5D-39D7-4D57-838D-4998240CBB1F}.Release|iPhone.Build.0 = Release|iPhone
		{E3AC4E5D-39D7-4D57-838D-4998240CBB1F}.Release|iPhone.Deploy.0 = Release|iPhone
		{E3AC4E5D-39D7-4D57-838D-4998240CBB1F}.Release|iPhoneSimulator.ActiveCfg = Release|iPhoneSimulator
		{E3AC4E5D-39D7-4D57-838D-4998240CBB1F}.Release|iPhoneSimulator.Build.0 = Release|iPhoneSimulator
		{E3AC4E5D-39D7-4D57-838D-4998240CBB1F}.Release|iPhoneSimulator.Deploy.0 = Release|iPhoneSimulator
		{0A81B2EA-CF03-4CFB-8631-0FB1EA94AFEB}.Ad-Hoc|Any CPU.ActiveCfg = Debug|Any CPU
		{0A81B2EA-CF03-4CFB-8631-0FB1EA94AFEB}.Ad-Hoc|Any CPU.Build.0 = Debug|Any CPU
		{0A81B2EA-CF03-4CFB-8631-0FB1EA94AFEB}.Ad-Hoc|Any CPU.Deploy.0 = Debug|Any CPU
		{0A81B2EA-CF03-4CFB-8631-0FB1EA94AFEB}.Ad-Hoc|iPhone.ActiveCfg = Debug|Any CPU
		{0A81B2EA-CF03-4CFB-8631-0FB1EA94AFEB}.Ad-Hoc|iPhone.Build.0 = Debug|Any CPU
		{0A81B2EA-CF03-4CFB-8631-0FB1EA94AFEB}.Ad-Hoc|iPhone.Deploy.0 = Debug|Any CPU
		{0A81B2EA-CF03-4CFB-8631-0FB1EA94AFEB}.Ad-Hoc|iPhoneSimulator.ActiveCfg = Debug|Any CPU
		{0A81B2EA-CF03-4CFB-8631-0FB1EA94AFEB}.Ad-Hoc|iPhoneSimulator.Build.0 = Debug|Any CPU
		{0A81B2EA-CF03-4CFB-8631-0FB1EA94AFEB}.Ad-Hoc|iPhoneSimulator.Deploy.0 = Debug|Any CPU
		{0A81B2EA-CF03-4CFB-8631-0FB1EA94AFEB}.AppStore|Any CPU.ActiveCfg = Debug|Any CPU
		{0A81B2EA-CF03-4CFB-8631-0FB1EA94AFEB}.AppStore|Any CPU.Build.0 = Debug|Any CPU
		{0A81B2EA-CF03-4CFB-8631-0FB1EA94AFEB}.AppStore|Any CPU.Deploy.0 = Debug|Any CPU
		{0A81B2EA-CF03-4CFB-8631-0FB1EA94AFEB}.AppStore|iPhone.ActiveCfg = Debug|Any CPU
		{0A81B2EA-CF03-4CFB-8631-0FB1EA94AFEB}.AppStore|iPhone.Build.0 = Debug|Any CPU
		{0A81B2EA-CF03-4CFB-8631-0FB1EA94AFEB}.AppStore|iPhone.Deploy.0 = Debug|Any CPU
		{0A81B2EA-CF03-4CFB-8631-0FB1EA94AFEB}.AppStore|iPhoneSimulator.ActiveCfg = Debug|Any CPU
		{0A81B2EA-CF03-4CFB-8631-0FB1EA94AFEB}.AppStore|iPhoneSimulator.Build.0 = Debug|Any CPU
		{0A81B2EA-CF03-4CFB-8631-0FB1EA94AFEB}.AppStore|iPhoneSimulator.Deploy.0 = Debug|Any CPU
		{0A81B2EA-CF03-4CFB-8631-0FB1EA94AFEB}.Debug|Any CPU.ActiveCfg = Debug|Any CPU
		{0A81B2EA-CF03-4CFB-8631-0FB1EA94AFEB}.Debug|Any CPU.Build.0 = Debug|Any CPU
		{0A81B2EA-CF03-4CFB-8631-0FB1EA94AFEB}.Debug|Any CPU.Deploy.0 = Debug|Any CPU
		{0A81B2EA-CF03-4CFB-8631-0FB1EA94AFEB}.Debug|iPhone.ActiveCfg = Debug|Any CPU
		{0A81B2EA-CF03-4CFB-8631-0FB1EA94AFEB}.Debug|iPhone.Build.0 = Debug|Any CPU
		{0A81B2EA-CF03-4CFB-8631-0FB1EA94AFEB}.Debug|iPhone.Deploy.0 = Debug|Any CPU
		{0A81B2EA-CF03-4CFB-8631-0FB1EA94AFEB}.Debug|iPhoneSimulator.ActiveCfg = Debug|Any CPU
		{0A81B2EA-CF03-4CFB-8631-0FB1EA94AFEB}.Debug|iPhoneSimulator.Build.0 = Debug|Any CPU
		{0A81B2EA-CF03-4CFB-8631-0FB1EA94AFEB}.Debug|iPhoneSimulator.Deploy.0 = Debug|Any CPU
		{0A81B2EA-CF03-4CFB-8631-0FB1EA94AFEB}.Release|Any CPU.ActiveCfg = Release|Any CPU
		{0A81B2EA-CF03-4CFB-8631-0FB1EA94AFEB}.Release|Any CPU.Build.0 = Release|Any CPU
		{0A81B2EA-CF03-4CFB-8631-0FB1EA94AFEB}.Release|Any CPU.Deploy.0 = Release|Any CPU
		{0A81B2EA-CF03-4CFB-8631-0FB1EA94AFEB}.Release|iPhone.ActiveCfg = Release|Any CPU
		{0A81B2EA-CF03-4CFB-8631-0FB1EA94AFEB}.Release|iPhone.Build.0 = Release|Any CPU
		{0A81B2EA-CF03-4CFB-8631-0FB1EA94AFEB}.Release|iPhone.Deploy.0 = Release|Any CPU
		{0A81B2EA-CF03-4CFB-8631-0FB1EA94AFEB}.Release|iPhoneSimulator.ActiveCfg = Release|Any CPU
		{0A81B2EA-CF03-4CFB-8631-0FB1EA94AFEB}.Release|iPhoneSimulator.Build.0 = Release|Any CPU
		{0A81B2EA-CF03-4CFB-8631-0FB1EA94AFEB}.Release|iPhoneSimulator.Deploy.0 = Release|Any CPU
	EndGlobalSection
	GlobalSection(SolutionProperties) = preSolution
		HideSolutionNode = FALSE
	EndGlobalSection
	GlobalSection(ExtensibilityGlobals) = postSolution
		SolutionGuid = {46E594B9-DAD2-45EC-B473-BA28E852A642}
	EndGlobalSection
EndGlobal
